
Microsoft Visual Studio Solution File, Format Version 12.00
# Visual Studio 15
VisualStudioVersion = 15.0.28010.2003
MinimumVisualStudioVersion = 10.0.40219.1
Project("{FAE04EC0-301F-11D3-BF4B-00C04F79EFBC}") = "Biz126.WebUI", "Biz126.WebUI\Biz126.WebUI.csproj", "{C9982956-40B3-47C5-BB13-08590DB17A41}"
EndProject
Project("{9A19103F-16F7-4668-BE54-9A1E7A4F7556}") = "Biz126.WebTools", "Biz126.WebTools\Biz126.WebTools.csproj", "{A21E2355-6063-472E-B7A8-DCC91D91C91E}"
EndProject
Project("{9A19103F-16F7-4668-BE54-9A1E7A4F7556}") = "Biz126.Logger", "Biz126.Logger\Biz126.Logger.csproj", "{D75D9AFE-2CB2-4946-BBF2-06A798FA25B8}"
EndProject
Project("{9A19103F-16F7-4668-BE54-9A1E7A4F7556}") = "Biz126.ImageLib", "Biz126.ImageLib\Biz126.ImageLib.csproj", "{23E4C625-1CCF-4108-BC7D-461984C02487}"
EndProject
Global
	GlobalSection(SolutionConfigurationPlatforms) = preSolution
		Debug|Any CPU = Debug|Any CPU
		Release|Any CPU = Release|Any CPU
	EndGlobalSection
	GlobalSection(ProjectConfigurationPlatforms) = postSolution
		{C9982956-40B3-47C5-BB13-08590DB17A41}.Debug|Any CPU.ActiveCfg = Debug|Any CPU
		{C9982956-40B3-47C5-BB13-08590DB17A41}.Debug|Any CPU.Build.0 = Debug|Any CPU
		{C9982956-40B3-47C5-BB13-08590DB17A41}.Release|Any CPU.ActiveCfg = Release|Any CPU
		{C9982956-40B3-47C5-BB13-08590DB17A41}.Release|Any CPU.Build.0 = Release|Any CPU
		{A21E2355-6063-472E-B7A8-DCC91D91C91E}.Debug|Any CPU.ActiveCfg = Debug|Any CPU
		{A21E2355-6063-472E-B7A8-DCC91D91C91E}.Debug|Any CPU.Build.0 = Debug|Any CPU
		{A21E2355-6063-472E-B7A8-DCC91D91C91E}.Release|Any CPU.ActiveCfg = Release|Any CPU
		{A21E2355-6063-472E-B7A8-DCC91D91C91E}.Release|Any CPU.Build.0 = Release|Any CPU
		{D75D9AFE-2CB2-4946-BBF2-06A798FA25B8}.Debug|Any CPU.ActiveCfg = Debug|Any CPU
		{D75D9AFE-2CB2-4946-BBF2-06A798FA25B8}.Debug|Any CPU.Build.0 = Debug|Any CPU
		{D75D9AFE-2CB2-4946-BBF2-06A798FA25B8}.Release|Any CPU.ActiveCfg = Release|Any CPU
		{D75D9AFE-2CB2-4946-BBF2-06A798FA25B8}.Release|Any CPU.Build.0 = Release|Any CPU
		{23E4C625-1CCF-4108-BC7D-461984C02487}.Debug|Any CPU.ActiveCfg = Debug|Any CPU
		{23E4C625-1CCF-4108-BC7D-461984C02487}.Debug|Any CPU.Build.0 = Debug|Any CPU
		{23E4C625-1CCF-4108-BC7D-461984C02487}.Release|Any CPU.ActiveCfg = Release|Any CPU
		{23E4C625-1CCF-4108-BC7D-461984C02487}.Release|Any CPU.Build.0 = Release|Any CPU
	EndGlobalSection
	GlobalSection(SolutionProperties) = preSolution
		HideSolutionNode = FALSE
	EndGlobalSection
	GlobalSection(ExtensibilityGlobals) = postSolution
		SolutionGuid = {5D4BD7F4-F8E7-41A1-9775-48924E019BC9}
	EndGlobalSection
EndGlobal
